
Microsoft Visual Studio Solution File, Format Version 12.00
# Visual Studio Version 17
VisualStudioVersion = 17.4.33122.133
MinimumVisualStudioVersion = 10.0.40219.1
Project("{54A90642-561A-4BB1-A94E-469ADEE60C69}") = "reactprojectaspnetcore-frontend", "ReactProjectASPNETCore-Frontend\reactprojectaspnetcore-frontend.esproj", "{A72D8C86-7539-4E2E-883F-62CD229AC279}"
EndProject
Project("{FAE04EC0-301F-11D3-BF4B-00C04F79EFBC}") = "reactprojectaspnetcore-backend", "reactprojectaspnetcore-backend\reactprojectaspnetcore-backend.csproj", "{1909E60F-40C0-4CC0-9A6A-DA4E784A3A11}"
EndProject
Global
	GlobalSection(SolutionConfigurationPlatforms) = preSolution
		Debug|Any CPU = Debug|Any CPU
		Release|Any CPU = Release|Any CPU
	EndGlobalSection
	GlobalSection(ProjectConfigurationPlatforms) = postSolution
		{A72D8C86-7539-4E2E-883F-62CD229AC279}.Debug|Any CPU.ActiveCfg = Debug|Any CPU
		{A72D8C86-7539-4E2E-883F-62CD229AC279}.Debug|Any CPU.Build.0 = Debug|Any CPU
		{A72D8C86-7539-4E2E-883F-62CD229AC279}.Debug|Any CPU.Deploy.0 = Debug|Any CPU
		{A72D8C86-7539-4E2E-883F-62CD229AC279}.Release|Any CPU.ActiveCfg = Release|Any CPU
		{A72D8C86-7539-4E2E-883F-62CD229AC279}.Release|Any CPU.Build.0 = Release|Any CPU
		{A72D8C86-7539-4E2E-883F-62CD229AC279}.Release|Any CPU.Deploy.0 = Release|Any CPU
		{1909E60F-40C0-4CC0-9A6A-DA4E784A3A11}.Debug|Any CPU.ActiveCfg = Debug|Any CPU
		{1909E60F-40C0-4CC0-9A6A-DA4E784A3A11}.Debug|Any CPU.Build.0 = Debug|Any CPU
		{1909E60F-40C0-4CC0-9A6A-DA4E784A3A11}.Release|Any CPU.ActiveCfg = Release|Any CPU
		{1909E60F-40C0-4CC0-9A6A-DA4E784A3A11}.Release|Any CPU.Build.0 = Release|Any CPU
	EndGlobalSection
	GlobalSection(SolutionProperties) = preSolution
		HideSolutionNode = FALSE
	EndGlobalSection
	GlobalSection(ExtensibilityGlobals) = postSolution
		SolutionGuid = {CE5643D1-B4AD-468E-9D0C-9040EB99791F}
	EndGlobalSection
EndGlobal
